
Microsoft Visual Studio Solution File, Format Version 12.00
# Visual Studio 15
VisualStudioVersion = 15.0.28307.421
MinimumVisualStudioVersion = 10.0.40219.1
Project("{8BC9CEB8-8B4A-11D0-8D11-00A0C91BC942}") = "32. Noticias vuelan", "32. Noticias vuelan\32. Noticias vuelan.vcxproj", "{DBB2F3FB-DAF8-4D95-BE9A-AB858D67D79B}"
EndProject
Global
	GlobalSection(SolutionConfigurationPlatforms) = preSolution
		Debug|x64 = Debug|x64
		Debug|x86 = Debug|x86
		Release|x64 = Release|x64
		Release|x86 = Release|x86
	EndGlobalSection
	GlobalSection(ProjectConfigurationPlatforms) = postSolution
		{DBB2F3FB-DAF8-4D95-BE9A-AB858D67D79B}.Debug|x64.ActiveCfg = Debug|x64
		{DBB2F3FB-DAF8-4D95-BE9A-AB858D67D79B}.Debug|x64.Build.0 = Debug|x64
		{DBB2F3FB-DAF8-4D95-BE9A-AB858D67D79B}.Debug|x86.ActiveCfg = Debug|Win32
		{DBB2F3FB-DAF8-4D95-BE9A-AB858D67D79B}.Debug|x86.Build.0 = Debug|Win32
		{DBB2F3FB-DAF8-4D95-BE9A-AB858D67D79B}.Release|x64.ActiveCfg = Release|x64
		{DBB2F3FB-DAF8-4D95-BE9A-AB858D67D79B}.Release|x64.Build.0 = Release|x64
		{DBB2F3FB-DAF8-4D95-BE9A-AB858D67D79B}.Release|x86.ActiveCfg = Release|Win32
		{DBB2F3FB-DAF8-4D95-BE9A-AB858D67D79B}.Release|x86.Build.0 = Release|Win32
	EndGlobalSection
	GlobalSection(SolutionProperties) = preSolution
		HideSolutionNode = FALSE
	EndGlobalSection
	GlobalSection(ExtensibilityGlobals) = postSolution
		SolutionGuid = {83BF4406-9BDF-4931-9D9D-B69351B4252F}
	EndGlobalSection
EndGlobal
