
Microsoft Visual Studio Solution File, Format Version 12.00
# Visual Studio 15
VisualStudioVersion = 15.0.28307.421
MinimumVisualStudioVersion = 10.0.40219.1
Project("{8BC9CEB8-8B4A-11D0-8D11-00A0C91BC942}") = "10. ¿Está el árbol equilibrado", "10. ¿Está el árbol equilibrado\10. ¿Está el árbol equilibrado.vcxproj", "{DE0451F9-6436-4227-8D30-DC9E9616B1C1}"
EndProject
Global
	GlobalSection(SolutionConfigurationPlatforms) = preSolution
		Debug|x64 = Debug|x64
		Debug|x86 = Debug|x86
		Release|x64 = Release|x64
		Release|x86 = Release|x86
	EndGlobalSection
	GlobalSection(ProjectConfigurationPlatforms) = postSolution
		{DE0451F9-6436-4227-8D30-DC9E9616B1C1}.Debug|x64.ActiveCfg = Debug|x64
		{DE0451F9-6436-4227-8D30-DC9E9616B1C1}.Debug|x64.Build.0 = Debug|x64
		{DE0451F9-6436-4227-8D30-DC9E9616B1C1}.Debug|x86.ActiveCfg = Debug|Win32
		{DE0451F9-6436-4227-8D30-DC9E9616B1C1}.Debug|x86.Build.0 = Debug|Win32
		{DE0451F9-6436-4227-8D30-DC9E9616B1C1}.Release|x64.ActiveCfg = Release|x64
		{DE0451F9-6436-4227-8D30-DC9E9616B1C1}.Release|x64.Build.0 = Release|x64
		{DE0451F9-6436-4227-8D30-DC9E9616B1C1}.Release|x86.ActiveCfg = Release|Win32
		{DE0451F9-6436-4227-8D30-DC9E9616B1C1}.Release|x86.Build.0 = Release|Win32
	EndGlobalSection
	GlobalSection(SolutionProperties) = preSolution
		HideSolutionNode = FALSE
	EndGlobalSection
	GlobalSection(ExtensibilityGlobals) = postSolution
		SolutionGuid = {D0580D33-A2AA-430D-8230-5E3F5350CF76}
	EndGlobalSection
EndGlobal
