
Microsoft Visual Studio Solution File, Format Version 12.00
# Visual Studio 15
VisualStudioVersion = 15.0.28307.421
MinimumVisualStudioVersion = 10.0.40219.1
Project("{8BC9CEB8-8B4A-11D0-8D11-00A0C91BC942}") = "20. Lo que cuesta sumar", "20. Lo que cuesta sumar\20. Lo que cuesta sumar.vcxproj", "{517490B2-4C51-4357-B121-B9171D087FA1}"
EndProject
Global
	GlobalSection(SolutionConfigurationPlatforms) = preSolution
		Debug|x64 = Debug|x64
		Debug|x86 = Debug|x86
		Release|x64 = Release|x64
		Release|x86 = Release|x86
	EndGlobalSection
	GlobalSection(ProjectConfigurationPlatforms) = postSolution
		{517490B2-4C51-4357-B121-B9171D087FA1}.Debug|x64.ActiveCfg = Debug|x64
		{517490B2-4C51-4357-B121-B9171D087FA1}.Debug|x64.Build.0 = Debug|x64
		{517490B2-4C51-4357-B121-B9171D087FA1}.Debug|x86.ActiveCfg = Debug|Win32
		{517490B2-4C51-4357-B121-B9171D087FA1}.Debug|x86.Build.0 = Debug|Win32
		{517490B2-4C51-4357-B121-B9171D087FA1}.Release|x64.ActiveCfg = Release|x64
		{517490B2-4C51-4357-B121-B9171D087FA1}.Release|x64.Build.0 = Release|x64
		{517490B2-4C51-4357-B121-B9171D087FA1}.Release|x86.ActiveCfg = Release|Win32
		{517490B2-4C51-4357-B121-B9171D087FA1}.Release|x86.Build.0 = Release|Win32
	EndGlobalSection
	GlobalSection(SolutionProperties) = preSolution
		HideSolutionNode = FALSE
	EndGlobalSection
	GlobalSection(ExtensibilityGlobals) = postSolution
		SolutionGuid = {32F5F9E9-7131-4966-A089-4B4CDCDE2D32}
	EndGlobalSection
EndGlobal
